
Microsoft Visual Studio Solution File, Format Version 12.00
# Visual Studio Version 16
VisualStudioVersion = 16.0.31321.278
MinimumVisualStudioVersion = 10.0.40219.1
Project("{FAE04EC0-301F-11D3-BF4B-00C04F79EFBC}") = "MaterialFonts.Android", "MaterialFonts.Android\MaterialFonts.Android.csproj", "{4942BE40-52CD-4299-A6E0-4A46AC76B908}"
EndProject
Project("{FAE04EC0-301F-11D3-BF4B-00C04F79EFBC}") = "MaterialFonts", "MaterialFonts\MaterialFonts.csproj", "{0D27A165-6F74-4059-AB5A-5FD5960D25E3}"
EndProject
Global
	GlobalSection(SolutionConfigurationPlatforms) = preSolution
		Debug|Any CPU = Debug|Any CPU
		Release|Any CPU = Release|Any CPU
	EndGlobalSection
	GlobalSection(ProjectConfigurationPlatforms) = postSolution
		{4942BE40-52CD-4299-A6E0-4A46AC76B908}.Debug|Any CPU.ActiveCfg = Debug|Any CPU
		{4942BE40-52CD-4299-A6E0-4A46AC76B908}.Debug|Any CPU.Build.0 = Debug|Any CPU
		{4942BE40-52CD-4299-A6E0-4A46AC76B908}.Debug|Any CPU.Deploy.0 = Debug|Any CPU
		{4942BE40-52CD-4299-A6E0-4A46AC76B908}.Release|Any CPU.ActiveCfg = Release|Any CPU
		{4942BE40-52CD-4299-A6E0-4A46AC76B908}.Release|Any CPU.Build.0 = Release|Any CPU
		{4942BE40-52CD-4299-A6E0-4A46AC76B908}.Release|Any CPU.Deploy.0 = Release|Any CPU
		{0D27A165-6F74-4059-AB5A-5FD5960D25E3}.Debug|Any CPU.ActiveCfg = Debug|Any CPU
		{0D27A165-6F74-4059-AB5A-5FD5960D25E3}.Debug|Any CPU.Build.0 = Debug|Any CPU
		{0D27A165-6F74-4059-AB5A-5FD5960D25E3}.Debug|Any CPU.Deploy.0 = Debug|Any CPU
		{0D27A165-6F74-4059-AB5A-5FD5960D25E3}.Release|Any CPU.ActiveCfg = Release|Any CPU
		{0D27A165-6F74-4059-AB5A-5FD5960D25E3}.Release|Any CPU.Build.0 = Release|Any CPU
		{0D27A165-6F74-4059-AB5A-5FD5960D25E3}.Release|Any CPU.Deploy.0 = Release|Any CPU
	EndGlobalSection
	GlobalSection(SolutionProperties) = preSolution
		HideSolutionNode = FALSE
	EndGlobalSection
	GlobalSection(ExtensibilityGlobals) = postSolution
		SolutionGuid = {DBDD2C36-61AC-4D3F-B94F-86122940D5B2}
	EndGlobalSection
EndGlobal
